
Microsoft Visual Studio Solution File, Format Version 12.00
# Visual Studio Version 16
VisualStudioVersion = 16.0.810.22
MinimumVisualStudioVersion = 10.0.40219.1
Project("{FAE04EC0-301F-11D3-BF4B-00C04F79EFBC}") = "deneme123", "deneme123.csproj", "{7930B2A5-CA17-44D4-AEDD-694A117CABD3}"
EndProject
Global
	GlobalSection(SolutionConfigurationPlatforms) = preSolution
		Debug|Any CPU = Debug|Any CPU
		Release|Any CPU = Release|Any CPU
	EndGlobalSection
	GlobalSection(ProjectConfigurationPlatforms) = postSolution
		{7930B2A5-CA17-44D4-AEDD-694A117CABD3}.Debug|Any CPU.ActiveCfg = Debug|Any CPU
		{7930B2A5-CA17-44D4-AEDD-694A117CABD3}.Debug|Any CPU.Build.0 = Debug|Any CPU
		{7930B2A5-CA17-44D4-AEDD-694A117CABD3}.Release|Any CPU.ActiveCfg = Release|Any CPU
		{7930B2A5-CA17-44D4-AEDD-694A117CABD3}.Release|Any CPU.Build.0 = Release|Any CPU
	EndGlobalSection
	GlobalSection(SolutionProperties) = preSolution
		HideSolutionNode = FALSE
	EndGlobalSection
	GlobalSection(ExtensibilityGlobals) = postSolution
		SolutionGuid = {FEB0CF27-0421-4EE1-8D68-941C49A2AE2F}
	EndGlobalSection
EndGlobal
